
Microsoft Visual Studio Solution File, Format Version 12.00
# Visual Studio Version 16
VisualStudioVersion = 16.0.31313.79
MinimumVisualStudioVersion = 10.0.40219.1
Project("{FAE04EC0-301F-11D3-BF4B-00C04F79EFBC}") = "PrimeiroPrograma", "PrimeiroPrograma\PrimeiroPrograma.csproj", "{4E1512EA-CE69-4744-B293-F7C20B741127}"
EndProject
Global
	GlobalSection(SolutionConfigurationPlatforms) = preSolution
		Debug|Any CPU = Debug|Any CPU
		Release|Any CPU = Release|Any CPU
	EndGlobalSection
	GlobalSection(ProjectConfigurationPlatforms) = postSolution
		{4E1512EA-CE69-4744-B293-F7C20B741127}.Debug|Any CPU.ActiveCfg = Debug|Any CPU
		{4E1512EA-CE69-4744-B293-F7C20B741127}.Debug|Any CPU.Build.0 = Debug|Any CPU
		{4E1512EA-CE69-4744-B293-F7C20B741127}.Release|Any CPU.ActiveCfg = Release|Any CPU
		{4E1512EA-CE69-4744-B293-F7C20B741127}.Release|Any CPU.Build.0 = Release|Any CPU
	EndGlobalSection
	GlobalSection(SolutionProperties) = preSolution
		HideSolutionNode = FALSE
	EndGlobalSection
	GlobalSection(ExtensibilityGlobals) = postSolution
		SolutionGuid = {F9A27B92-12DB-4C50-A197-756BCD22F405}
	EndGlobalSection
EndGlobal
