
Microsoft Visual Studio Solution File, Format Version 12.00
# Visual Studio Version 16
VisualStudioVersion = 16.0.31313.79
MinimumVisualStudioVersion = 10.0.40219.1
Project("{FAE04EC0-301F-11D3-BF4B-00C04F79EFBC}") = "ExemploFiltro", "ExemploFiltro\ExemploFiltro.csproj", "{749C860E-1111-4DED-BFF4-7D00953C594B}"
EndProject
Global
	GlobalSection(SolutionConfigurationPlatforms) = preSolution
		Debug|Any CPU = Debug|Any CPU
		Release|Any CPU = Release|Any CPU
	EndGlobalSection
	GlobalSection(ProjectConfigurationPlatforms) = postSolution
		{749C860E-1111-4DED-BFF4-7D00953C594B}.Debug|Any CPU.ActiveCfg = Debug|Any CPU
		{749C860E-1111-4DED-BFF4-7D00953C594B}.Debug|Any CPU.Build.0 = Debug|Any CPU
		{749C860E-1111-4DED-BFF4-7D00953C594B}.Release|Any CPU.ActiveCfg = Release|Any CPU
		{749C860E-1111-4DED-BFF4-7D00953C594B}.Release|Any CPU.Build.0 = Release|Any CPU
	EndGlobalSection
	GlobalSection(SolutionProperties) = preSolution
		HideSolutionNode = FALSE
	EndGlobalSection
	GlobalSection(ExtensibilityGlobals) = postSolution
		SolutionGuid = {E4ED3801-939E-4CC6-847C-5F5B4B9296AB}
	EndGlobalSection
EndGlobal
